
Microsoft Visual Studio Solution File, Format Version 12.00
# Visual Studio Version 16
VisualStudioVersion = 16.0.30503.244
MinimumVisualStudioVersion = 10.0.40219.1
Project("{FAE04EC0-301F-11D3-BF4B-00C04F79EFBC}") = "UnitTest2", "UnitTest2\UnitTest2.csproj", "{C74D63B1-2909-4104-AC6A-5D71DF56E1F0}"
EndProject
Global
	GlobalSection(SolutionConfigurationPlatforms) = preSolution
		Debug|Any CPU = Debug|Any CPU
		Release|Any CPU = Release|Any CPU
	EndGlobalSection
	GlobalSection(ProjectConfigurationPlatforms) = postSolution
		{C74D63B1-2909-4104-AC6A-5D71DF56E1F0}.Debug|Any CPU.ActiveCfg = Debug|Any CPU
		{C74D63B1-2909-4104-AC6A-5D71DF56E1F0}.Debug|Any CPU.Build.0 = Debug|Any CPU
		{C74D63B1-2909-4104-AC6A-5D71DF56E1F0}.Release|Any CPU.ActiveCfg = Release|Any CPU
		{C74D63B1-2909-4104-AC6A-5D71DF56E1F0}.Release|Any CPU.Build.0 = Release|Any CPU
	EndGlobalSection
	GlobalSection(SolutionProperties) = preSolution
		HideSolutionNode = FALSE
	EndGlobalSection
	GlobalSection(ExtensibilityGlobals) = postSolution
		SolutionGuid = {99F44D8F-1165-487A-8205-7ABFA62E06DA}
	EndGlobalSection
EndGlobal
